schema: '2.0'
stages:
  preprocess:
    cmd: python src/preprocess.py
    deps:
    - path: src/preprocess.py
      hash: md5
      md5: c5543f8c7bd66b67a320ebac00c02a01
      size: 1764
    outs:
    - path: data/processed
      hash: md5
      md5: 9305ef61331841149bf597662836f4b9.dir
      size: 458746917
      nfiles: 20000
  train:
    cmd: python src/train.py
    deps:
    - path: data/processed
      hash: md5
      md5: 9305ef61331841149bf597662836f4b9.dir
      size: 458746917
      nfiles: 20000
    - path: src/train.py
      hash: md5
      md5: 09d5e7e044aae377d1260d2953969af0
      size: 2988
    outs:
    - path: metrics.json
      hash: md5
      md5: 9f8270c6a1595e62f8551a99c4fa6085
      size: 78
    - path: models/model.h5
      hash: md5
      md5: 591ccc3ad66c18516a337966311331c5
      size: 286930648
