schema: '2.0'
stages:
  preprocess:
    cmd: python src/preprocess.py
    deps:
    - path: data/raw
      hash: md5
      md5: 8fa0d6154607d00fe2df53bb7a407779.dir
      size: 2286622446
      nfiles: 50001
    - path: src/preprocess.py
      hash: md5
      md5: f74fea4b702d6622fe226ac64777efa2
      size: 1126
    outs:
    - path: data/processed
      hash: md5
      md5: 1558109d2506f452fe27055ccec95921.dir
      size: 458746917
      nfiles: 20000
  train:
    cmd: python src/train.py
    deps:
    - path: data/processed
      hash: md5
      md5: 1558109d2506f452fe27055ccec95921.dir
      size: 458746917
      nfiles: 20000
    - path: src/train.py
      hash: md5
      md5: ff1d9c3f156ae9521fd04c7c34d99bfc
      size: 1918
    outs:
    - path: metrics.json
      hash: md5
      md5: c365905813c5de88b8c97b37c37bb91e
      size: 134
    - path: models/model.h5
      hash: md5
      md5: 409a479d34e4491e37a512ec3351da22
      size: 39704352
